PODS:
  - CryptoSwift (1.3.0)
  - DRDatabase (1.0.1)

DEPENDENCIES:
  - CryptoSwift (~> 1.0)
  - DRDatabase

SPEC REPOS:
  trunk:
    - CryptoSwift
    - DRDatabase

SPEC CHECKSUMS:
  CryptoSwift: 1283821600233bdbeb96d7b389c3288c3bf77211
  DRDatabase: 7b0142cebd35a2b21d121ed80164b707a8ab7426

PODFILE CHECKSUM: 03bdc3ed7e8dabb7b5576027fa584b00d64f8acf

COCOAPODS: 1.9.0.beta.2
