// !$*UTF8*$!
{
	archiveVersion = 1;
	classes = {
	};
	objectVersion = 51;
	objects = {

/* Begin PBXBuildFile section */
		41246DA85057055900934107 /* Pods_travlr.framework in Frameworks */ = {isa = PBXBuildFile; fileRef = 9F92EA350A0BC57432009B80 /* Pods_travlr.framework */; };
		454B32BDC99F18E31828E6BE /* Pods_travlrTests.framework in Frameworks */ = {isa = PBXBuildFile; fileRef = B4F9BA70038A8E805C972DC3 /* Pods_travlrTests.framework */; };
		6F3BDE7D23E83D130086DC3E /* userPanel.swift in Sources */ = {isa = PBXBuildFile; fileRef = 6F3BDE7C23E83D130086DC3E /* userPanel.swift */; };
		6FEBBE7223E34D970063085B /* Validators.swift in Sources */ = {isa = PBXBuildFile; fileRef = 6FEBBE7123E34D970063085B /* Validators.swift */; };
		6FEDD94223DFC6800037A904 /* AppDelegate.swift in Sources */ = {isa = PBXBuildFile; fileRef = 6FEDD94123DFC6800037A904 /* AppDelegate.swift */; };
		6FEDD94423DFC6800037A904 /* SceneDelegate.swift in Sources */ = {isa = PBXBuildFile; fileRef = 6FEDD94323DFC6800037A904 /* SceneDelegate.swift */; };
		6FEDD94623DFC6800037A904 /* ContentView.swift in Sources */ = {isa = PBXBuildFile; fileRef = 6FEDD94523DFC6800037A904 /* ContentView.swift */; };
		6FEDD94823DFC6830037A904 /* Assets.xcassets in Resources */ = {isa = PBXBuildFile; fileRef = 6FEDD94723DFC6830037A904 /* Assets.xcassets */; };
		6FEDD94B23DFC6830037A904 /* Preview Assets.xcassets in Resources */ = {isa = PBXBuildFile; fileRef = 6FEDD94A23DFC6830037A904 /* Preview Assets.xcassets */; };
		6FEDD94E23DFC6830037A904 /* LaunchScreen.storyboard in Resources */ = {isa = PBXBuildFile; fileRef = 6FEDD94C23DFC6830037A904 /* LaunchScreen.storyboard */; };
		6FEDD95923DFC6830037A904 /* travlrTests.swift in Sources */ = {isa = PBXBuildFile; fileRef = 6FEDD95823DFC6830037A904 /* travlrTests.swift */; };
		6FEDD96423DFC6830037A904 /* travlrUITests.swift in Sources */ = {isa = PBXBuildFile; fileRef = 6FEDD96323DFC6830037A904 /* travlrUITests.swift */; };
		6FF7954723E639B7002F1E08 /* loginView.swift in Sources */ = {isa = PBXBuildFile; fileRef = 6FF7954623E639B7002F1E08 /* loginView.swift */; };
		6FF7954923E65097002F1E08 /* WatchedClass.swift in Sources */ = {isa = PBXBuildFile; fileRef = 6FF7954823E65097002F1E08 /* WatchedClass.swift */; };
		6FF88DF823F1868800D7A7DA /* GoogleService-Info.plist in Resources */ = {isa = PBXBuildFile; fileRef = 6FF88DF723F1868800D7A7DA /* GoogleService-Info.plist */; };
		9D2056D19542CFD6B111CF19 /* Pods_travlr_travlrUITests.framework in Frameworks */ = {isa = PBXBuildFile; fileRef = 2236CCD2B3A2F7CD031A5BFD /* Pods_travlr_travlrUITests.framework */; };
/* End PBXBuildFile section */

/* Begin PBXContainerItemProxy section */
		6FEDD95523DFC6830037A904 /* PBXContainerItemProxy */ = {
			isa = PBXContainerItemProxy;
			containerPortal = 6FEDD93623DFC67F0037A904 /* Project object */;
			proxyType = 1;
			remoteGlobalIDString = 6FEDD93D23DFC6800037A904;
			remoteInfo = travlr;
		};
		6FEDD96023DFC6830037A904 /* PBXContainerItemProxy */ = {
			isa = PBXContainerItemProxy;
			containerPortal = 6FEDD93623DFC67F0037A904 /* Project object */;
			proxyType = 1;
			remoteGlobalIDString = 6FEDD93D23DFC6800037A904;
			remoteInfo = travlr;
		};
/* End PBXContainerItemProxy section */

/* Begin PBXFileReference section */
		2236CCD2B3A2F7CD031A5BFD /* Pods_travlr_travlrUITests.framework */ = {isa = PBXFileReference; explicitFileType = wrapper.framework; includeInIndex = 0; path = Pods_travlr_travlrUITests.framework; sourceTree = BUILT_PRODUCTS_DIR; };
		51E1C560EC9763FECB48CB9D /* Pods-travlr-travlrUITests.release.xcconfig */ = {isa = PBXFileReference; includeInIndex = 1; lastKnownFileType = text.xcconfig; name = "Pods-travlr-travlrUITests.release.xcconfig"; path = "Target Support Files/Pods-travlr-travlrUITests/Pods-travlr-travlrUITests.release.xcconfig"; sourceTree = "<group>"; };
		5C5C322C11B6166F4E4D60E8 /* Pods-travlrTests.release.xcconfig */ = {isa = PBXFileReference; includeInIndex = 1; lastKnownFileType = text.xcconfig; name = "Pods-travlrTests.release.xcconfig"; path = "Target Support Files/Pods-travlrTests/Pods-travlrTests.release.xcconfig"; sourceTree = "<group>"; };
		6F3BDE7C23E83D130086DC3E /* userPanel.swift */ = {isa = PBXFileReference; lastKnownFileType = sourcecode.swift; path = userPanel.swift; sourceTree = "<group>"; };
		6FEBBE7123E34D970063085B /* Validators.swift */ = {isa = PBXFileReference; lastKnownFileType = sourcecode.swift; path = Validators.swift; sourceTree = "<group>"; };
		6FEDD93E23DFC6800037A904 /* travlr..app */ = {isa = PBXFileReference; explicitFileType = wrapper.application; includeInIndex = 0; path = travlr..app; sourceTree = BUILT_PRODUCTS_DIR; };
		6FEDD94123DFC6800037A904 /* AppDelegate.swift */ = {isa = PBXFileReference; lastKnownFileType = sourcecode.swift; path = AppDelegate.swift; sourceTree = "<group>"; };
		6FEDD94323DFC6800037A904 /* SceneDelegate.swift */ = {isa = PBXFileReference; lastKnownFileType = sourcecode.swift; path = SceneDelegate.swift; sourceTree = "<group>"; };
		6FEDD94523DFC6800037A904 /* ContentView.swift */ = {isa = PBXFileReference; lastKnownFileType = sourcecode.swift; path = ContentView.swift; sourceTree = "<group>"; };
		6FEDD94723DFC6830037A904 /* Assets.xcassets */ = {isa = PBXFileReference; lastKnownFileType = folder.assetcatalog; path = Assets.xcassets; sourceTree = "<group>"; };
		6FEDD94A23DFC6830037A904 /* Preview Assets.xcassets */ = {isa = PBXFileReference; lastKnownFileType = folder.assetcatalog; path = "Preview Assets.xcassets"; sourceTree = "<group>"; };
		6FEDD94D23DFC6830037A904 /* Base */ = {isa = PBXFileReference; lastKnownFileType = file.storyboard; name = Base; path = Base.lproj/LaunchScreen.storyboard; sourceTree = "<group>"; };
		6FEDD94F23DFC6830037A904 /* Info.plist */ = {isa = PBXFileReference; lastKnownFileType = text.plist.xml; path = Info.plist; sourceTree = "<group>"; };
		6FEDD95423DFC6830037A904 /* travlrTests.xctest */ = {isa = PBXFileReference; explicitFileType = wrapper.cfbundle; includeInIndex = 0; path = travlrTests.xctest; sourceTree = BUILT_PRODUCTS_DIR; };
		6FEDD95823DFC6830037A904 /* travlrTests.swift */ = {isa = PBXFileReference; lastKnownFileType = sourcecode.swift; path = travlrTests.swift; sourceTree = "<group>"; };
		6FEDD95A23DFC6830037A904 /* Info.plist */ = {isa = PBXFileReference; lastKnownFileType = text.plist.xml; path = Info.plist; sourceTree = "<group>"; };
		6FEDD95F23DFC6830037A904 /* travlrUITests.xctest */ = {isa = PBXFileReference; explicitFileType = wrapper.cfbundle; includeInIndex = 0; path = travlrUITests.xctest; sourceTree = BUILT_PRODUCTS_DIR; };
		6FEDD96323DFC6830037A904 /* travlrUITests.swift */ = {isa = PBXFileReference; lastKnownFileType = sourcecode.swift; path = travlrUITests.swift; sourceTree = "<group>"; };
		6FEDD96523DFC6830037A904 /* Info.plist */ = {isa = PBXFileReference; lastKnownFileType = text.plist.xml; path = Info.plist; sourceTree = "<group>"; };
		6FF7954623E639B7002F1E08 /* loginView.swift */ = {isa = PBXFileReference; lastKnownFileType = sourcecode.swift; path = loginView.swift; sourceTree = "<group>"; };
		6FF7954823E65097002F1E08 /* WatchedClass.swift */ = {isa = PBXFileReference; lastKnownFileType = sourcecode.swift; path = WatchedClass.swift; sourceTree = "<group>"; };
		6FF88DF723F1868800D7A7DA /* GoogleService-Info.plist */ = {isa = PBXFileReference; fileEncoding = 4; lastKnownFileType = text.plist.xml; name = "GoogleService-Info.plist"; path = "../../../../../Downloads/GoogleService-Info.plist"; sourceTree = "<group>"; };
		758849391472790A18641425 /* Pods-travlrTests.debug.xcconfig */ = {isa = PBXFileReference; includeInIndex = 1; lastKnownFileType = text.xcconfig; name = "Pods-travlrTests.debug.xcconfig"; path = "Target Support Files/Pods-travlrTests/Pods-travlrTests.debug.xcconfig"; sourceTree = "<group>"; };
		8B619FD9D8CC8B5F05D6991F /* Pods-travlr.release.xcconfig */ = {isa = PBXFileReference; includeInIndex = 1; lastKnownFileType = text.xcconfig; name = "Pods-travlr.release.xcconfig"; path = "Target Support Files/Pods-travlr/Pods-travlr.release.xcconfig"; sourceTree = "<group>"; };
		9F92EA350A0BC57432009B80 /* Pods_travlr.framework */ = {isa = PBXFileReference; explicitFileType = wrapper.framework; includeInIndex = 0; path = Pods_travlr.framework; sourceTree = BUILT_PRODUCTS_DIR; };
		B1FBA28153D00BA4E054AFB3 /* Pods-travlr-travlrUITests.debug.xcconfig */ = {isa = PBXFileReference; includeInIndex = 1; lastKnownFileType = text.xcconfig; name = "Pods-travlr-travlrUITests.debug.xcconfig"; path = "Target Support Files/Pods-travlr-travlrUITests/Pods-travlr-travlrUITests.debug.xcconfig"; sourceTree = "<group>"; };
		B4F9BA70038A8E805C972DC3 /* Pods_travlrTests.framework */ = {isa = PBXFileReference; explicitFileType = wrapper.framework; includeInIndex = 0; path = Pods_travlrTests.framework; sourceTree = BUILT_PRODUCTS_DIR; };
		D49842C7454018BE406DEC13 /* Pods-travlr.debug.xcconfig */ = {isa = PBXFileReference; includeInIndex = 1; lastKnownFileType = text.xcconfig; name = "Pods-travlr.debug.xcconfig"; path = "Target Support Files/Pods-travlr/Pods-travlr.debug.xcconfig"; sourceTree = "<group>"; };
/* End PBXFileReference section */

/* Begin PBXFrameworksBuildPhase section */
		6FEDD93B23DFC6800037A904 /* Frameworks */ = {
			isa = PBXFrameworksBuildPhase;
			buildActionMask = 2147483647;
			files = (
				41246DA85057055900934107 /* Pods_travlr.framework in Frameworks */,
			);
			runOnlyForDeploymentPostprocessing = 0;
		};
		6FEDD95123DFC6830037A904 /* Frameworks */ = {
			isa = PBXFrameworksBuildPhase;
			buildActionMask = 2147483647;
			files = (
				454B32BDC99F18E31828E6BE /* Pods_travlrTests.framework in Frameworks */,
			);
			runOnlyForDeploymentPostprocessing = 0;
		};
		6FEDD95C23DFC6830037A904 /* Frameworks */ = {
			isa = PBXFrameworksBuildPhase;
			buildActionMask = 2147483647;
			files = (
				9D2056D19542CFD6B111CF19 /* Pods_travlr_travlrUITests.framework in Frameworks */,
			);
			runOnlyForDeploymentPostprocessing = 0;
		};
/* End PBXFrameworksBuildPhase section */

/* Begin PBXGroup section */
		6F3BDE7E23E85C440086DC3E /* Views */ = {
			isa = PBXGroup;
			children = (
				6FEDD94523DFC6800037A904 /* ContentView.swift */,
				6FF7954623E639B7002F1E08 /* loginView.swift */,
				6F3BDE7C23E83D130086DC3E /* userPanel.swift */,
			);
			path = Views;
			sourceTree = "<group>";
		};
		6FEBBE7323E35B5E0063085B /* Security */ = {
			isa = PBXGroup;
			children = (
				6FEBBE7123E34D970063085B /* Validators.swift */,
			);
			path = Security;
			sourceTree = "<group>";
		};
		6FEDD93523DFC67F0037A904 = {
			isa = PBXGroup;
			children = (
				6FEDD94023DFC6800037A904 /* travlr */,
				6FEDD95723DFC6830037A904 /* travlrTests */,
				6FEDD96223DFC6830037A904 /* travlrUITests */,
				6FEDD93F23DFC6800037A904 /* Products */,
				8403D8EB92C0E4F09D52B369 /* Pods */,
				BF5AD7E0AEF13CC633165ED2 /* Frameworks */,
			);
			sourceTree = "<group>";
		};
		6FEDD93F23DFC6800037A904 /* Products */ = {
			isa = PBXGroup;
			children = (
				6FEDD93E23DFC6800037A904 /* travlr..app */,
				6FEDD95423DFC6830037A904 /* travlrTests.xctest */,
				6FEDD95F23DFC6830037A904 /* travlrUITests.xctest */,
			);
			name = Products;
			sourceTree = "<group>";
		};
		6FEDD94023DFC6800037A904 /* travlr */ = {
			isa = PBXGroup;
			children = (
				6F3BDE7E23E85C440086DC3E /* Views */,
				6FEBBE7323E35B5E0063085B /* Security */,
				6FEDD94123DFC6800037A904 /* AppDelegate.swift */,
				6FEDD94323DFC6800037A904 /* SceneDelegate.swift */,
				6FF7954823E65097002F1E08 /* WatchedClass.swift */,
				6FEDD94723DFC6830037A904 /* Assets.xcassets */,
				6FEDD94C23DFC6830037A904 /* LaunchScreen.storyboard */,
				6FEDD94F23DFC6830037A904 /* Info.plist */,
				6FF88DF723F1868800D7A7DA /* GoogleService-Info.plist */,
				6FEDD94923DFC6830037A904 /* Preview Content */,
			);
			path = travlr;
			sourceTree = "<group>";
		};
		6FEDD94923DFC6830037A904 /* Preview Content */ = {
			isa = PBXGroup;
			children = (
				6FEDD94A23DFC6830037A904 /* Preview Assets.xcassets */,
			);
			path = "Preview Content";
			sourceTree = "<group>";
		};
		6FEDD95723DFC6830037A904 /* travlrTests */ = {
			isa = PBXGroup;
			children = (
				6FEDD95823DFC6830037A904 /* travlrTests.swift */,
				6FEDD95A23DFC6830037A904 /* Info.plist */,
			);
			path = travlrTests;
			sourceTree = "<group>";
		};
		6FEDD96223DFC6830037A904 /* travlrUITests */ = {
			isa = PBXGroup;
			children = (
				6FEDD96323DFC6830037A904 /* travlrUITests.swift */,
				6FEDD96523DFC6830037A904 /* Info.plist */,
			);
			path = travlrUITests;
			sourceTree = "<group>";
		};
		8403D8EB92C0E4F09D52B369 /* Pods */ = {
			isa = PBXGroup;
			children = (
				D49842C7454018BE406DEC13 /* Pods-travlr.debug.xcconfig */,
				8B619FD9D8CC8B5F05D6991F /* Pods-travlr.release.xcconfig */,
				B1FBA28153D00BA4E054AFB3 /* Pods-travlr-travlrUITests.debug.xcconfig */,
				51E1C560EC9763FECB48CB9D /* Pods-travlr-travlrUITests.release.xcconfig */,
				758849391472790A18641425 /* Pods-travlrTests.debug.xcconfig */,
				5C5C322C11B6166F4E4D60E8 /* Pods-travlrTests.release.xcconfig */,
			);
			path = Pods;
			sourceTree = "<group>";
		};
		BF5AD7E0AEF13CC633165ED2 /* Frameworks */ = {
			isa = PBXGroup;
			children = (
				9F92EA350A0BC57432009B80 /* Pods_travlr.framework */,
				2236CCD2B3A2F7CD031A5BFD /* Pods_travlr_travlrUITests.framework */,
				B4F9BA70038A8E805C972DC3 /* Pods_travlrTests.framework */,
			);
			name = Frameworks;
			sourceTree = "<group>";
		};
/* End PBXGroup section */

/* Begin PBXNativeTarget section */
		6FEDD93D23DFC6800037A904 /* travlr */ = {
			isa = PBXNativeTarget;
			buildConfigurationList = 6FEDD96823DFC6830037A904 /* Build configuration list for PBXNativeTarget "travlr" */;
			buildPhases = (
				F8254662B99F6CB275E73E6C /* [CP] Check Pods Manifest.lock */,
				6FEDD93A23DFC6800037A904 /* Sources */,
				6FEDD93B23DFC6800037A904 /* Frameworks */,
				6FEDD93C23DFC6800037A904 /* Resources */,
				51A553DCD3DC3F665053D36F /* [CP] Embed Pods Frameworks */,
			);
			buildRules = (
			);
			dependencies = (
			);
			name = travlr;
			productName = travlr;
			productReference = 6FEDD93E23DFC6800037A904 /* travlr..app */;
			productType = "com.apple.product-type.application";
		};
		6FEDD95323DFC6830037A904 /* travlrTests */ = {
			isa = PBXNativeTarget;
			buildConfigurationList = 6FEDD96B23DFC6830037A904 /* Build configuration list for PBXNativeTarget "travlrTests" */;
			buildPhases = (
				562F3964CA0DFF5E5AD3941A /* [CP] Check Pods Manifest.lock */,
				6FEDD95023DFC6830037A904 /* Sources */,
				6FEDD95123DFC6830037A904 /* Frameworks */,
				6FEDD95223DFC6830037A904 /* Resources */,
			);
			buildRules = (
			);
			dependencies = (
				6FEDD95623DFC6830037A904 /* PBXTargetDependency */,
			);
			name = travlrTests;
			productName = travlrTests;
			productReference = 6FEDD95423DFC6830037A904 /* travlrTests.xctest */;
			productType = "com.apple.product-type.bundle.unit-test";
		};
		6FEDD95E23DFC6830037A904 /* travlrUITests */ = {
			isa = PBXNativeTarget;
			buildConfigurationList = 6FEDD96E23DFC6830037A904 /* Build configuration list for PBXNativeTarget "travlrUITests" */;
			buildPhases = (
				FA3928F29F4EFD97B458D18B /* [CP] Check Pods Manifest.lock */,
				6FEDD95B23DFC6830037A904 /* Sources */,
				6FEDD95C23DFC6830037A904 /* Frameworks */,
				6FEDD95D23DFC6830037A904 /* Resources */,
				F5AD9ADFB4F59C2FDADC22E5 /* [CP] Embed Pods Frameworks */,
			);
			buildRules = (
			);
			dependencies = (
				6FEDD96123DFC6830037A904 /* PBXTargetDependency */,
			);
			name = travlrUITests;
			productName = travlrUITests;
			productReference = 6FEDD95F23DFC6830037A904 /* travlrUITests.xctest */;
			productType = "com.apple.product-type.bundle.ui-testing";
		};
/* End PBXNativeTarget section */

/* Begin PBXProject section */
		6FEDD93623DFC67F0037A904 /* Project object */ = {
			isa = PBXProject;
			attributes = {
				LastSwiftUpdateCheck = 1120;
				LastUpgradeCheck = 1120;
				ORGANIZATIONNAME = "Razvan-Antonio Berbece";
				TargetAttributes = {
					6FEDD93D23DFC6800037A904 = {
						CreatedOnToolsVersion = 11.2.1;
					};
					6FEDD95323DFC6830037A904 = {
						CreatedOnToolsVersion = 11.2.1;
						TestTargetID = 6FEDD93D23DFC6800037A904;
					};
					6FEDD95E23DFC6830037A904 = {
						CreatedOnToolsVersion = 11.2.1;
						TestTargetID = 6FEDD93D23DFC6800037A904;
					};
				};
			};
			buildConfigurationList = 6FEDD93923DFC67F0037A904 /* Build configuration list for PBXProject "travlr" */;
			compatibilityVersion = "Xcode 9.3";
			developmentRegion = en;
			hasScannedForEncodings = 0;
			knownRegions = (
				en,
				Base,
			);
			mainGroup = 6FEDD93523DFC67F0037A904;
			productRefGroup = 6FEDD93F23DFC6800037A904 /* Products */;
			projectDirPath = "";
			projectRoot = "";
			targets = (
				6FEDD93D23DFC6800037A904 /* travlr */,
				6FEDD95323DFC6830037A904 /* travlrTests */,
				6FEDD95E23DFC6830037A904 /* travlrUITests */,
			);
		};
/* End PBXProject section */

/* Begin PBXResourcesBuildPhase section */
		6FEDD93C23DFC6800037A904 /* Resources */ = {
			isa = PBXResourcesBuildPhase;
			buildActionMask = 2147483647;
			files = (
				6FEDD94E23DFC6830037A904 /* LaunchScreen.storyboard in Resources */,
				6FEDD94B23DFC6830037A904 /* Preview Assets.xcassets in Resources */,
				6FEDD94823DFC6830037A904 /* Assets.xcassets in Resources */,
				6FF88DF823F1868800D7A7DA /* GoogleService-Info.plist in Resources */,
			);
			runOnlyForDeploymentPostprocessing = 0;
		};
		6FEDD95223DFC6830037A904 /* Resources */ = {
			isa = PBXResourcesBuildPhase;
			buildActionMask = 2147483647;
			files = (
			);
			runOnlyForDeploymentPostprocessing = 0;
		};
		6FEDD95D23DFC6830037A904 /* Resources */ = {
			isa = PBXResourcesBuildPhase;
			buildActionMask = 2147483647;
			files = (
			);
			runOnlyForDeploymentPostprocessing = 0;
		};
/* End PBXResourcesBuildPhase section */

/* Begin PBXShellScriptBuildPhase section */
		51A553DCD3DC3F665053D36F /* [CP] Embed Pods Frameworks */ = {
			isa = PBXShellScriptBuildPhase;
			buildActionMask = 2147483647;
			files = (
			);
			inputFileListPaths = (
				"${PODS_ROOT}/Target Support Files/Pods-travlr/Pods-travlr-frameworks-${CONFIGURATION}-input-files.xcfilelist",
			);
			name = "[CP] Embed Pods Frameworks";
			outputFileListPaths = (
				"${PODS_ROOT}/Target Support Files/Pods-travlr/Pods-travlr-frameworks-${CONFIGURATION}-output-files.xcfilelist",
			);
			runOnlyForDeploymentPostprocessing = 0;
			shellPath = /bin/sh;
			shellScript = "\"${PODS_ROOT}/Target Support Files/Pods-travlr/Pods-travlr-frameworks.sh\"\n";
			showEnvVarsInLog = 0;
		};
		562F3964CA0DFF5E5AD3941A /* [CP] Check Pods Manifest.lock */ = {
			isa = PBXShellScriptBuildPhase;
			buildActionMask = 2147483647;
			files = (
			);
			inputFileListPaths = (
			);
			inputPaths = (
				"${PODS_PODFILE_DIR_PATH}/Podfile.lock",
				"${PODS_ROOT}/Manifest.lock",
			);
			name = "[CP] Check Pods Manifest.lock";
			outputFileListPaths = (
			);
			outputPaths = (
				"$(DERIVED_FILE_DIR)/Pods-travlrTests-checkManifestLockResult.txt",
			);
			runOnlyForDeploymentPostprocessing = 0;
			shellPath = /bin/sh;
			shellScript = "diff \"${PODS_PODFILE_DIR_PATH}/Podfile.lock\" \"${PODS_ROOT}/Manifest.lock\" > /dev/null\nif [ $? != 0 ] ; then\n    # print error to STDERR\n    echo \"error: The sandbox is not in sync with the Podfile.lock. Run 'pod install' or update your CocoaPods installation.\" >&2\n    exit 1\nfi\n# This output is used by Xcode 'outputs' to avoid re-running this script phase.\necho \"SUCCESS\" > \"${SCRIPT_OUTPUT_FILE_0}\"\n";
			showEnvVarsInLog = 0;
		};
		F5AD9ADFB4F59C2FDADC22E5 /* [CP] Embed Pods Frameworks */ = {
			isa = PBXShellScriptBuildPhase;
			buildActionMask = 2147483647;
			files = (
			);
			inputFileListPaths = (
				"${PODS_ROOT}/Target Support Files/Pods-travlr-travlrUITests/Pods-travlr-travlrUITests-frameworks-${CONFIGURATION}-input-files.xcfilelist",
			);
			name = "[CP] Embed Pods Frameworks";
			outputFileListPaths = (
				"${PODS_ROOT}/Target Support Files/Pods-travlr-travlrUITests/Pods-travlr-travlrUITests-frameworks-${CONFIGURATION}-output-files.xcfilelist",
			);
			runOnlyForDeploymentPostprocessing = 0;
			shellPath = /bin/sh;
			shellScript = "\"${PODS_ROOT}/Target Support Files/Pods-travlr-travlrUITests/Pods-travlr-travlrUITests-frameworks.sh\"\n";
			showEnvVarsInLog = 0;
		};
		F8254662B99F6CB275E73E6C /* [CP] Check Pods Manifest.lock */ = {
			isa = PBXShellScriptBuildPhase;
			buildActionMask = 2147483647;
			files = (
			);
			inputFileListPaths = (
			);
			inputPaths = (
				"${PODS_PODFILE_DIR_PATH}/Podfile.lock",
				"${PODS_ROOT}/Manifest.lock",
			);
			name = "[CP] Check Pods Manifest.lock";
			outputFileListPaths = (
			);
			outputPaths = (
				"$(DERIVED_FILE_DIR)/Pods-travlr-checkManifestLockResult.txt",
			);
			runOnlyForDeploymentPostprocessing = 0;
			shellPath = /bin/sh;
			shellScript = "diff \"${PODS_PODFILE_DIR_PATH}/Podfile.lock\" \"${PODS_ROOT}/Manifest.lock\" > /dev/null\nif [ $? != 0 ] ; then\n    # print error to STDERR\n    echo \"error: The sandbox is not in sync with the Podfile.lock. Run 'pod install' or update your CocoaPods installation.\" >&2\n    exit 1\nfi\n# This output is used by Xcode 'outputs' to avoid re-running this script phase.\necho \"SUCCESS\" > \"${SCRIPT_OUTPUT_FILE_0}\"\n";
			showEnvVarsInLog = 0;
		};
		FA3928F29F4EFD97B458D18B /* [CP] Check Pods Manifest.lock */ = {
			isa = PBXShellScriptBuildPhase;
			buildActionMask = 2147483647;
			files = (
			);
			inputFileListPaths = (
			);
			inputPaths = (
				"${PODS_PODFILE_DIR_PATH}/Podfile.lock",
				"${PODS_ROOT}/Manifest.lock",
			);
			name = "[CP] Check Pods Manifest.lock";
			outputFileListPaths = (
			);
			outputPaths = (
				"$(DERIVED_FILE_DIR)/Pods-travlr-travlrUITests-checkManifestLockResult.txt",
			);
			runOnlyForDeploymentPostprocessing = 0;
			shellPath = /bin/sh;
			shellScript = "diff \"${PODS_PODFILE_DIR_PATH}/Podfile.lock\" \"${PODS_ROOT}/Manifest.lock\" > /dev/null\nif [ $? != 0 ] ; then\n    # print error to STDERR\n    echo \"error: The sandbox is not in sync with the Podfile.lock. Run 'pod install' or update your CocoaPods installation.\" >&2\n    exit 1\nfi\n# This output is used by Xcode 'outputs' to avoid re-running this script phase.\necho \"SUCCESS\" > \"${SCRIPT_OUTPUT_FILE_0}\"\n";
			showEnvVarsInLog = 0;
		};
/* End PBXShellScriptBuildPhase section */

/* Begin PBXSourcesBuildPhase section */
		6FEDD93A23DFC6800037A904 /* Sources */ = {
			isa = PBXSourcesBuildPhase;
			buildActionMask = 2147483647;
			files = (
				6FEDD94223DFC6800037A904 /* AppDelegate.swift in Sources */,
				6FEDD94423DFC6800037A904 /* SceneDelegate.swift in Sources */,
				6FF7954723E639B7002F1E08 /* loginView.swift in Sources */,
				6FF7954923E65097002F1E08 /* WatchedClass.swift in Sources */,
				6F3BDE7D23E83D130086DC3E /* userPanel.swift in Sources */,
				6FEDD94623DFC6800037A904 /* ContentView.swift in Sources */,
				6FEBBE7223E34D970063085B /* Validators.swift in Sources */,
			);
			runOnlyForDeploymentPostprocessing = 0;
		};
		6FEDD95023DFC6830037A904 /* Sources */ = {
			isa = PBXSourcesBuildPhase;
			buildActionMask = 2147483647;
			files = (
				6FEDD95923DFC6830037A904 /* travlrTests.swift in Sources */,
			);
			runOnlyForDeploymentPostprocessing = 0;
		};
		6FEDD95B23DFC6830037A904 /* Sources */ = {
			isa = PBXSourcesBuildPhase;
			buildActionMask = 2147483647;
			files = (
				6FEDD96423DFC6830037A904 /* travlrUITests.swift in Sources */,
			);
			runOnlyForDeploymentPostprocessing = 0;
		};
/* End PBXSourcesBuildPhase section */

/* Begin PBXTargetDependency section */
		6FEDD95623DFC6830037A904 /* PBXTargetDependency */ = {
			isa = PBXTargetDependency;
			target = 6FEDD93D23DFC6800037A904 /* travlr */;
			targetProxy = 6FEDD95523DFC6830037A904 /* PBXContainerItemProxy */;
		};
		6FEDD96123DFC6830037A904 /* PBXTargetDependency */ = {
			isa = PBXTargetDependency;
			target = 6FEDD93D23DFC6800037A904 /* travlr */;
			targetProxy = 6FEDD96023DFC6830037A904 /* PBXContainerItemProxy */;
		};
/* End PBXTargetDependency section */

/* Begin PBXVariantGroup section */
		6FEDD94C23DFC6830037A904 /* LaunchScreen.storyboard */ = {
			isa = PBXVariantGroup;
			children = (
				6FEDD94D23DFC6830037A904 /* Base */,
			);
			name = LaunchScreen.storyboard;
			sourceTree = "<group>";
		};
/* End PBXVariantGroup section */

/* Begin XCBuildConfiguration section */
		6FEDD96623DFC6830037A904 /* Debug */ = {
			isa = XCBuildConfiguration;
			buildSettings = {
				ALWAYS_SEARCH_USER_PATHS = NO;
				CLANG_ANALYZER_NONNULL = YES;
				CLANG_ANALYZER_NUMBER_OBJECT_CONVERSION = YES_AGGRESSIVE;
				CLANG_CXX_LANGUAGE_STANDARD = "gnu++14";
				CLANG_CXX_LIBRARY = "libc++";
				CLANG_ENABLE_MODULES = YES;
				CLANG_ENABLE_OBJC_ARC = YES;
				CLANG_ENABLE_OBJC_WEAK = YES;
				CLANG_WARN_BLOCK_CAPTURE_AUTORELEASING = YES;
				CLANG_WARN_BOOL_CONVERSION = YES;
				CLANG_WARN_COMMA = YES;
				CLANG_WARN_CONSTANT_CONVERSION = YES;
				CLANG_WARN_DEPRECATED_OBJC_IMPLEMENTATIONS = YES;
				CLANG_WARN_DIRECT_OBJC_ISA_USAGE = YES_ERROR;
				CLANG_WARN_DOCUMENTATION_COMMENTS = YES;
				CLANG_WARN_EMPTY_BODY = YES;
				CLANG_WARN_ENUM_CONVERSION = YES;
				CLANG_WARN_INFINITE_RECURSION = YES;
				CLANG_WARN_INT_CONVERSION = YES;
				CLANG_WARN_NON_LITERAL_NULL_CONVERSION = YES;
				CLANG_WARN_OBJC_IMPLICIT_RETAIN_SELF = YES;
				CLANG_WARN_OBJC_LITERAL_CONVERSION = YES;
				CLANG_WARN_OBJC_ROOT_CLASS = YES_ERROR;
				CLANG_WARN_RANGE_LOOP_ANALYSIS = YES;
				CLANG_WARN_STRICT_PROTOTYPES = YES;
				CLANG_WARN_SUSPICIOUS_MOVE = YES;
				CLANG_WARN_UNGUARDED_AVAILABILITY = YES_AGGRESSIVE;
				CLANG_WARN_UNREACHABLE_CODE = YES;
				CLANG_WARN__DUPLICATE_METHOD_MATCH = YES;
				COPY_PHASE_STRIP = NO;
				DEBUG_INFORMATION_FORMAT = dwarf;
				ENABLE_STRICT_OBJC_MSGSEND = YES;
				ENABLE_TESTABILITY = YES;
				GCC_C_LANGUAGE_STANDARD = gnu11;
				GCC_DYNAMIC_NO_PIC = NO;
				GCC_NO_COMMON_BLOCKS = YES;
				GCC_OPTIMIZATION_LEVEL = 0;
				GCC_PREPROCESSOR_DEFINITIONS = (
					"DEBUG=1",
					"$(inherited)",
				);
				GCC_WARN_64_TO_32_BIT_CONVERSION = YES;
				GCC_WARN_ABOUT_RETURN_TYPE = YES_ERROR;
				GCC_WARN_UNDECLARED_SELECTOR = YES;
				GCC_WARN_UNINITIALIZED_AUTOS = YES_AGGRESSIVE;
				GCC_WARN_UNUSED_FUNCTION = YES;
				GCC_WARN_UNUSED_VARIABLE = YES;
				IPHONEOS_DEPLOYMENT_TARGET = 13.2;
				MTL_ENABLE_DEBUG_INFO = INCLUDE_SOURCE;
				MTL_FAST_MATH = YES;
				ONLY_ACTIVE_ARCH = YES;
				SDKROOT = iphoneos;
				SWIFT_ACTIVE_COMPILATION_CONDITIONS = DEBUG;
				SWIFT_OPTIMIZATION_LEVEL = "-Onone";
				SWIFT_VERSION = "";
			};
			name = Debug;
		};
		6FEDD96723DFC6830037A904 /* Release */ = {
			isa = XCBuildConfiguration;
			buildSettings = {
				ALWAYS_SEARCH_USER_PATHS = NO;
				CLANG_ANALYZER_NONNULL = YES;
				CLANG_ANALYZER_NUMBER_OBJECT_CONVERSION = YES_AGGRESSIVE;
				CLANG_CXX_LANGUAGE_STANDARD = "gnu++14";
				CLANG_CXX_LIBRARY = "libc++";
				CLANG_ENABLE_MODULES = YES;
				CLANG_ENABLE_OBJC_ARC = YES;
				CLANG_ENABLE_OBJC_WEAK = YES;
				CLANG_WARN_BLOCK_CAPTURE_AUTORELEASING = YES;
				CLANG_WARN_BOOL_CONVERSION = YES;
				CLANG_WARN_COMMA = YES;
				CLANG_WARN_CONSTANT_CONVERSION = YES;
				CLANG_WARN_DEPRECATED_OBJC_IMPLEMENTATIONS = YES;
				CLANG_WARN_DIRECT_OBJC_ISA_USAGE = YES_ERROR;
				CLANG_WARN_DOCUMENTATION_COMMENTS = YES;
				CLANG_WARN_EMPTY_BODY = YES;
				CLANG_WARN_ENUM_CONVERSION = YES;
				CLANG_WARN_INFINITE_RECURSION = YES;
				CLANG_WARN_INT_CONVERSION = YES;
				CLANG_WARN_NON_LITERAL_NULL_CONVERSION = YES;
				CLANG_WARN_OBJC_IMPLICIT_RETAIN_SELF = YES;
				CLANG_WARN_OBJC_LITERAL_CONVERSION = YES;
				CLANG_WARN_OBJC_ROOT_CLASS = YES_ERROR;
				CLANG_WARN_RANGE_LOOP_ANALYSIS = YES;
				CLANG_WARN_STRICT_PROTOTYPES = YES;
				CLANG_WARN_SUSPICIOUS_MOVE = YES;
				CLANG_WARN_UNGUARDED_AVAILABILITY = YES_AGGRESSIVE;
				CLANG_WARN_UNREACHABLE_CODE = YES;
				CLANG_WARN__DUPLICATE_METHOD_MATCH = YES;
				COPY_PHASE_STRIP = NO;
				DEBUG_INFORMATION_FORMAT = "dwarf-with-dsym";
				ENABLE_NS_ASSERTIONS = NO;
				ENABLE_STRICT_OBJC_MSGSEND = YES;
				GCC_C_LANGUAGE_STANDARD = gnu11;
				GCC_NO_COMMON_BLOCKS = YES;
				GCC_WARN_64_TO_32_BIT_CONVERSION = YES;
				GCC_WARN_ABOUT_RETURN_TYPE = YES_ERROR;
				GCC_WARN_UNDECLARED_SELECTOR = YES;
				GCC_WARN_UNINITIALIZED_AUTOS = YES_AGGRESSIVE;
				GCC_WARN_UNUSED_FUNCTION = YES;
				GCC_WARN_UNUSED_VARIABLE = YES;
				IPHONEOS_DEPLOYMENT_TARGET = 13.2;
				MTL_ENABLE_DEBUG_INFO = NO;
				MTL_FAST_MATH = YES;
				SDKROOT = iphoneos;
				SWIFT_COMPILATION_MODE = wholemodule;
				SWIFT_OPTIMIZATION_LEVEL = "-O";
				SWIFT_VERSION = "";
				VALIDATE_PRODUCT = YES;
			};
			name = Release;
		};
		6FEDD96923DFC6830037A904 /* Debug */ = {
			isa = XCBuildConfiguration;
			baseConfigurationReference = D49842C7454018BE406DEC13 /* Pods-travlr.debug.xcconfig */;
			buildSettings = {
				ASSETCATALOG_COMPILER_APPICON_NAME = AppIcon;
				CODE_SIGN_STYLE = Automatic;
				DEVELOPMENT_ASSET_PATHS = "\"travlr/Preview Content\"";
				DEVELOPMENT_TEAM = 29K9HB3D8G;
				ENABLE_PREVIEWS = YES;
				INFOPLIST_FILE = travlr/Info.plist;
				LD_RUNPATH_SEARCH_PATHS = (
					"$(inherited)",
					"@executable_path/Frameworks",
				);
				PRODUCT_BUNDLE_IDENTIFIER = RB.travlr;
				PRODUCT_NAME = travlr.;
				SWIFT_VERSION = 5.0;
				TARGETED_DEVICE_FAMILY = "1,2";
			};
			name = Debug;
		};
		6FEDD96A23DFC6830037A904 /* Release */ = {
			isa = XCBuildConfiguration;
			baseConfigurationReference = 8B619FD9D8CC8B5F05D6991F /* Pods-travlr.release.xcconfig */;
			buildSettings = {
				ASSETCATALOG_COMPILER_APPICON_NAME = AppIcon;
				CODE_SIGN_STYLE = Automatic;
				DEVELOPMENT_ASSET_PATHS = "\"travlr/Preview Content\"";
				DEVELOPMENT_TEAM = 29K9HB3D8G;
				ENABLE_PREVIEWS = YES;
				INFOPLIST_FILE = travlr/Info.plist;
				LD_RUNPATH_SEARCH_PATHS = (
					"$(inherited)",
					"@executable_path/Frameworks",
				);
				PRODUCT_BUNDLE_IDENTIFIER = RB.travlr;
				PRODUCT_NAME = travlr.;
				SWIFT_VERSION = 5.0;
				TARGETED_DEVICE_FAMILY = "1,2";
			};
			name = Release;
		};
		6FEDD96C23DFC6830037A904 /* Debug */ = {
			isa = XCBuildConfiguration;
			baseConfigurationReference = 758849391472790A18641425 /* Pods-travlrTests.debug.xcconfig */;
			buildSettings = {
				ALWAYS_EMBED_SWIFT_STANDARD_LIBRARIES = YES;
				BUNDLE_LOADER = "$(TEST_HOST)";
				CODE_SIGN_STYLE = Automatic;
				DEVELOPMENT_TEAM = 29K9HB3D8G;
				INFOPLIST_FILE = travlrTests/Info.plist;
				IPHONEOS_DEPLOYMENT_TARGET = 13.2;
				LD_RUNPATH_SEARCH_PATHS = (
					"$(inherited)",
					"@executable_path/Frameworks",
					"@loader_path/Frameworks",
				);
				PRODUCT_BUNDLE_IDENTIFIER = RB.travlrTests;
				PRODUCT_NAME = "$(TARGET_NAME)";
				SWIFT_VERSION = 5.0;
				TARGETED_DEVICE_FAMILY = "1,2";
				TEST_HOST = "$(BUILT_PRODUCTS_DIR)/travlr.app/travlr";
			};
			name = Debug;
		};
		6FEDD96D23DFC6830037A904 /* Release */ = {
			isa = XCBuildConfiguration;
			baseConfigurationReference = 5C5C322C11B6166F4E4D60E8 /* Pods-travlrTests.release.xcconfig */;
			buildSettings = {
				ALWAYS_EMBED_SWIFT_STANDARD_LIBRARIES = YES;
				BUNDLE_LOADER = "$(TEST_HOST)";
				CODE_SIGN_STYLE = Automatic;
				DEVELOPMENT_TEAM = 29K9HB3D8G;
				INFOPLIST_FILE = travlrTests/Info.plist;
				IPHONEOS_DEPLOYMENT_TARGET = 13.2;
				LD_RUNPATH_SEARCH_PATHS = (
					"$(inherited)",
					"@executable_path/Frameworks",
					"@loader_path/Frameworks",
				);
				PRODUCT_BUNDLE_IDENTIFIER = RB.travlrTests;
				PRODUCT_NAME = "$(TARGET_NAME)";
				SWIFT_VERSION = 5.0;
				TARGETED_DEVICE_FAMILY = "1,2";
				TEST_HOST = "$(BUILT_PRODUCTS_DIR)/travlr.app/travlr";
			};
			name = Release;
		};
		6FEDD96F23DFC6830037A904 /* Debug */ = {
			isa = XCBuildConfiguration;
			baseConfigurationReference = B1FBA28153D00BA4E054AFB3 /* Pods-travlr-travlrUITests.debug.xcconfig */;
			buildSettings = {
				ALWAYS_EMBED_SWIFT_STANDARD_LIBRARIES = YES;
				CODE_SIGN_STYLE = Automatic;
				DEVELOPMENT_TEAM = 29K9HB3D8G;
				INFOPLIST_FILE = travlrUITests/Info.plist;
				LD_RUNPATH_SEARCH_PATHS = (
					"$(inherited)",
					"@executable_path/Frameworks",
					"@loader_path/Frameworks",
				);
				PRODUCT_BUNDLE_IDENTIFIER = RB.travlrUITests;
				PRODUCT_NAME = "$(TARGET_NAME)";
				SWIFT_VERSION = 5.0;
				TARGETED_DEVICE_FAMILY = "1,2";
				TEST_TARGET_NAME = travlr;
			};
			name = Debug;
		};
		6FEDD97023DFC6830037A904 /* Release */ = {
			isa = XCBuildConfiguration;
			baseConfigurationReference = 51E1C560EC9763FECB48CB9D /* Pods-travlr-travlrUITests.release.xcconfig */;
			buildSettings = {
				ALWAYS_EMBED_SWIFT_STANDARD_LIBRARIES = YES;
				CODE_SIGN_STYLE = Automatic;
				DEVELOPMENT_TEAM = 29K9HB3D8G;
				INFOPLIST_FILE = travlrUITests/Info.plist;
				LD_RUNPATH_SEARCH_PATHS = (
					"$(inherited)",
					"@executable_path/Frameworks",
					"@loader_path/Frameworks",
				);
				PRODUCT_BUNDLE_IDENTIFIER = RB.travlrUITests;
				PRODUCT_NAME = "$(TARGET_NAME)";
				SWIFT_VERSION = 5.0;
				TARGETED_DEVICE_FAMILY = "1,2";
				TEST_TARGET_NAME = travlr;
			};
			name = Release;
		};
/* End XCBuildConfiguration section */

/* Begin XCConfigurationList section */
		6FEDD93923DFC67F0037A904 /* Build configuration list for PBXProject "travlr" */ = {
			isa = XCConfigurationList;
			buildConfigurations = (
				6FEDD96623DFC6830037A904 /* Debug */,
				6FEDD96723DFC6830037A904 /* Release */,
			);
			defaultConfigurationIsVisible = 0;
			defaultConfigurationName = Release;
		};
		6FEDD96823DFC6830037A904 /* Build configuration list for PBXNativeTarget "travlr" */ = {
			isa = XCConfigurationList;
			buildConfigurations = (
				6FEDD96923DFC6830037A904 /* Debug */,
				6FEDD96A23DFC6830037A904 /* Release */,
			);
			defaultConfigurationIsVisible = 0;
			defaultConfigurationName = Release;
		};
		6FEDD96B23DFC6830037A904 /* Build configuration list for PBXNativeTarget "travlrTests" */ = {
			isa = XCConfigurationList;
			buildConfigurations = (
				6FEDD96C23DFC6830037A904 /* Debug */,
				6FEDD96D23DFC6830037A904 /* Release */,
			);
			defaultConfigurationIsVisible = 0;
			defaultConfigurationName = Release;
		};
		6FEDD96E23DFC6830037A904 /* Build configuration list for PBXNativeTarget "travlrUITests" */ = {
			isa = XCConfigurationList;
			buildConfigurations = (
				6FEDD96F23DFC6830037A904 /* Debug */,
				6FEDD97023DFC6830037A904 /* Release */,
			);
			defaultConfigurationIsVisible = 0;
			defaultConfigurationName = Release;
		};
/* End XCConfigurationList section */
	};
	rootObject = 6FEDD93623DFC67F0037A904 /* Project object */;
}
